
Microsoft Visual Studio Solution File, Format Version 12.00
# Visual Studio Version 16
VisualStudioVersion = 16.0.31729.503
MinimumVisualStudioVersion = 10.0.40219.1
Project("{8BC9CEB8-8B4A-11D0-8D11-00A0C91BC942}") = "商品管理系统版本 5", "商品管理系统版本 5.vcxproj", "{08AB7CE0-9DA3-4B6D-8284-CFA5DEA71032}"
EndProject
Global
	GlobalSection(SolutionConfigurationPlatforms) = preSolution
		Debug|x64 = Debug|x64
		Debug|x86 = Debug|x86
		Release|x64 = Release|x64
		Release|x86 = Release|x86
	EndGlobalSection
	GlobalSection(ProjectConfigurationPlatforms) = postSolution
		{08AB7CE0-9DA3-4B6D-8284-CFA5DEA71032}.Debug|x64.ActiveCfg = Debug|x64
		{08AB7CE0-9DA3-4B6D-8284-CFA5DEA71032}.Debug|x64.Build.0 = Debug|x64
		{08AB7CE0-9DA3-4B6D-8284-CFA5DEA71032}.Debug|x86.ActiveCfg = Debug|Win32
		{08AB7CE0-9DA3-4B6D-8284-CFA5DEA71032}.Debug|x86.Build.0 = Debug|Win32
		{08AB7CE0-9DA3-4B6D-8284-CFA5DEA71032}.Release|x64.ActiveCfg = Release|x64
		{08AB7CE0-9DA3-4B6D-8284-CFA5DEA71032}.Release|x64.Build.0 = Release|x64
		{08AB7CE0-9DA3-4B6D-8284-CFA5DEA71032}.Release|x86.ActiveCfg = Release|Win32
		{08AB7CE0-9DA3-4B6D-8284-CFA5DEA71032}.Release|x86.Build.0 = Release|Win32
	EndGlobalSection
	GlobalSection(SolutionProperties) = preSolution
		HideSolutionNode = FALSE
	EndGlobalSection
	GlobalSection(ExtensibilityGlobals) = postSolution
		SolutionGuid = {051AA4AD-54A6-4F04-92E7-ABB487D29052}
	EndGlobalSection
EndGlobal
